
Microsoft Visual Studio Solution File, Format Version 12.00
# Visual Studio Version 17
VisualStudioVersion = 17.0.31903.59
MinimumVisualStudioVersion = 10.0.40219.1
Project("{2150E333-8FDC-42A3-9474-1A3956D46DE8}") = "src", "src", "{827E0CD3-B72D-47B6-A68D-7590B98EB39B}"
EndProject
Project("{FAE04EC0-301F-11D3-BF4B-00C04F79EFBC}") = "ReachForge.AI", "src\ReachForge.AI\ReachForge.AI.csproj", "{D7B9B058-1AEA-434B-97DD-75C69CBDF6BF}"
EndProject
Project("{FAE04EC0-301F-11D3-BF4B-00C04F79EFBC}") = "ReachForge.Application", "src\ReachForge.Application\ReachForge.Application.csproj", "{FB782D91-ECC4-421F-8678-BEB970F049FE}"
EndProject
Project("{FAE04EC0-301F-11D3-BF4B-00C04F79EFBC}") = "ReachForge.Domain", "src\ReachForge.Domain\ReachForge.Domain.csproj", "{493EE4D1-9D2D-492F-BD7A-FCB0A321CCDD}"
EndProject
Project("{FAE04EC0-301F-11D3-BF4B-00C04F79EFBC}") = "ReachForge.Infrastructure", "src\ReachForge.Infrastructure\ReachForge.Infrastructure.csproj", "{9E0F06A9-57E9-43AA-8D57-A55564AB4144}"
EndProject
Project("{FAE04EC0-301F-11D3-BF4B-00C04F79EFBC}") = "ReachForge.Social", "src\ReachForge.Social\ReachForge.Social.csproj", "{D41E342F-E66B-4FA4-BA31-C2BF9DB4C91E}"
EndProject
Project("{FAE04EC0-301F-11D3-BF4B-00C04F79EFBC}") = "ReachForge.ServiceDefaults", "src\ReachForge.ServiceDefaults\ReachForge.ServiceDefaults.csproj", "{879898B7-BC48-42DF-B4B5-9F841F2ADAD3}"
EndProject
Project("{FAE04EC0-301F-11D3-BF4B-00C04F79EFBC}") = "ReachForge.Web", "src\ReachForge.Web\ReachForge.Web.csproj", "{6DCC99AC-C826-495F-A6EA-66EF4DB37E99}"
EndProject
Project("{FAE04EC0-301F-11D3-BF4B-00C04F79EFBC}") = "ReachForge.Worker", "src\ReachForge.Worker\ReachForge.Worker.csproj", "{7C44A537-EE45-4377-9E09-A59F5C7951B4}"
EndProject
Project("{2150E333-8FDC-42A3-9474-1A3956D46DE8}") = "tests", "tests", "{0AB3BF05-4346-4AA6-1389-037BE0695223}"
EndProject
Project("{FAE04EC0-301F-11D3-BF4B-00C04F79EFBC}") = "ReachForge.AI.Tests", "tests\ReachForge.AI.Tests\ReachForge.AI.Tests.csproj", "{C7E4F312-F9F5-4370-89A3-3FE872049E28}"
EndProject
Project("{FAE04EC0-301F-11D3-BF4B-00C04F79EFBC}") = "ReachForge.Application.Tests", "tests\ReachForge.Application.Tests\ReachForge.Application.Tests.csproj", "{8348603C-294C-4FAB-B60A-F531D6B3F12B}"
EndProject
Project("{FAE04EC0-301F-11D3-BF4B-00C04F79EFBC}") = "ReachForge.Domain.Tests", "tests\ReachForge.Domain.Tests\ReachForge.Domain.Tests.csproj", "{E383329B-98D7-4181-BEDC-C508250B506D}"
EndProject
Project("{FAE04EC0-301F-11D3-BF4B-00C04F79EFBC}") = "ReachForge.Social.Tests", "tests\ReachForge.Social.Tests\ReachForge.Social.Tests.csproj", "{458086CE-7836-45F3-AB67-9E0B666ADB2B}"
EndProject
Project("{FAE04EC0-301F-11D3-BF4B-00C04F79EFBC}") = "ReachForge.Web.Tests", "tests\ReachForge.Web.Tests\ReachForge.Web.Tests.csproj", "{26A0C2C9-AE19-44B7-99BB-7F36F63BA1FE}"
EndProject
Project("{FAE04EC0-301F-11D3-BF4B-00C04F79EFBC}") = "ReachForge.AI.Evals", "src\ReachForge.AI.Evals\ReachForge.AI.Evals.csproj", "{97E76A43-2163-42BB-9D06-C3A659B99592}"
EndProject
Project("{FAE04EC0-301F-11D3-BF4B-00C04F79EFBC}") = "ReachForge.AppHost", "src\ReachForge.AppHost\ReachForge.AppHost.csproj", "{716B4471-90E9-487C-BC33-2A6A09DEBCBD}"
EndProject
Project("{FAE04EC0-301F-11D3-BF4B-00C04F79EFBC}") = "ReachForge.E2E.Tests", "tests\ReachForge.E2E.Tests\ReachForge.E2E.Tests.csproj", "{B7B4C444-A028-42DE-9375-BCFD46574F73}"
EndProject
Global
	GlobalSection(SolutionConfigurationPlatforms) = preSolution
		Debug|Any CPU = Debug|Any CPU
		Debug|x64 = Debug|x64
		Debug|x86 = Debug|x86
		Release|Any CPU = Release|Any CPU
		Release|x64 = Release|x64
		Release|x86 = Release|x86
	EndGlobalSection
	GlobalSection(ProjectConfigurationPlatforms) = postSolution
		{D7B9B058-1AEA-434B-97DD-75C69CBDF6BF}.Debug|Any CPU.ActiveCfg = Debug|Any CPU
		{D7B9B058-1AEA-434B-97DD-75C69CBDF6BF}.Debug|Any CPU.Build.0 = Debug|Any CPU
		{D7B9B058-1AEA-434B-97DD-75C69CBDF6BF}.Debug|x64.ActiveCfg = Debug|Any CPU
		{D7B9B058-1AEA-434B-97DD-75C69CBDF6BF}.Debug|x64.Build.0 = Debug|Any CPU
		{D7B9B058-1AEA-434B-97DD-75C69CBDF6BF}.Debug|x86.ActiveCfg = Debug|Any CPU
		{D7B9B058-1AEA-434B-97DD-75C69CBDF6BF}.Debug|x86.Build.0 = Debug|Any CPU
		{D7B9B058-1AEA-434B-97DD-75C69CBDF6BF}.Release|Any CPU.ActiveCfg = Release|Any CPU
		{D7B9B058-1AEA-434B-97DD-75C69CBDF6BF}.Release|Any CPU.Build.0 = Release|Any CPU
		{D7B9B058-1AEA-434B-97DD-75C69CBDF6BF}.Release|x64.ActiveCfg = Release|Any CPU
		{D7B9B058-1AEA-434B-97DD-75C69CBDF6BF}.Release|x64.Build.0 = Release|Any CPU
		{D7B9B058-1AEA-434B-97DD-75C69CBDF6BF}.Release|x86.ActiveCfg = Release|Any CPU
		{D7B9B058-1AEA-434B-97DD-75C69CBDF6BF}.Release|x86.Build.0 = Release|Any CPU
		{FB782D91-ECC4-421F-8678-BEB970F049FE}.Debug|Any CPU.ActiveCfg = Debug|Any CPU
		{FB782D91-ECC4-421F-8678-BEB970F049FE}.Debug|Any CPU.Build.0 = Debug|Any CPU
		{FB782D91-ECC4-421F-8678-BEB970F049FE}.Debug|x64.ActiveCfg = Debug|Any CPU
		{FB782D91-ECC4-421F-8678-BEB970F049FE}.Debug|x64.Build.0 = Debug|Any CPU
		{FB782D91-ECC4-421F-8678-BEB970F049FE}.Debug|x86.ActiveCfg = Debug|Any CPU
		{FB782D91-ECC4-421F-8678-BEB970F049FE}.Debug|x86.Build.0 = Debug|Any CPU
		{FB782D91-ECC4-421F-8678-BEB970F049FE}.Release|Any CPU.ActiveCfg = Release|Any CPU
		{FB782D91-ECC4-421F-8678-BEB970F049FE}.Release|Any CPU.Build.0 = Release|Any CPU
		{FB782D91-ECC4-421F-8678-BEB970F049FE}.Release|x64.ActiveCfg = Release|Any CPU
		{FB782D91-ECC4-421F-8678-BEB970F049FE}.Release|x64.Build.0 = Release|Any CPU
		{FB782D91-ECC4-421F-8678-BEB970F049FE}.Release|x86.ActiveCfg = Release|Any CPU
		{FB782D91-ECC4-421F-8678-BEB970F049FE}.Release|x86.Build.0 = Release|Any CPU
		{493EE4D1-9D2D-492F-BD7A-FCB0A321CCDD}.Debug|Any CPU.ActiveCfg = Debug|Any CPU
		{493EE4D1-9D2D-492F-BD7A-FCB0A321CCDD}.Debug|Any CPU.Build.0 = Debug|Any CPU
		{493EE4D1-9D2D-492F-BD7A-FCB0A321CCDD}.Debug|x64.ActiveCfg = Debug|Any CPU
		{493EE4D1-9D2D-492F-BD7A-FCB0A321CCDD}.Debug|x64.Build.0 = Debug|Any CPU
		{493EE4D1-9D2D-492F-BD7A-FCB0A321CCDD}.Debug|x86.ActiveCfg = Debug|Any CPU
		{493EE4D1-9D2D-492F-BD7A-FCB0A321CCDD}.Debug|x86.Build.0 = Debug|Any CPU
		{493EE4D1-9D2D-492F-BD7A-FCB0A321CCDD}.Release|Any CPU.ActiveCfg = Release|Any CPU
		{493EE4D1-9D2D-492F-BD7A-FCB0A321CCDD}.Release|Any CPU.Build.0 = Release|Any CPU
		{493EE4D1-9D2D-492F-BD7A-FCB0A321CCDD}.Release|x64.ActiveCfg = Release|Any CPU
		{493EE4D1-9D2D-492F-BD7A-FCB0A321CCDD}.Release|x64.Build.0 = Release|Any CPU
		{493EE4D1-9D2D-492F-BD7A-FCB0A321CCDD}.Release|x86.ActiveCfg = Release|Any CPU
		{493EE4D1-9D2D-492F-BD7A-FCB0A321CCDD}.Release|x86.Build.0 = Release|Any CPU
		{9E0F06A9-57E9-43AA-8D57-A55564AB4144}.Debug|Any CPU.ActiveCfg = Debug|Any CPU
		{9E0F06A9-57E9-43AA-8D57-A55564AB4144}.Debug|Any CPU.Build.0 = Debug|Any CPU
		{9E0F06A9-57E9-43AA-8D57-A55564AB4144}.Debug|x64.ActiveCfg = Debug|Any CPU
		{9E0F06A9-57E9-43AA-8D57-A55564AB4144}.Debug|x64.Build.0 = Debug|Any CPU
		{9E0F06A9-57E9-43AA-8D57-A55564AB4144}.Debug|x86.ActiveCfg = Debug|Any CPU
		{9E0F06A9-57E9-43AA-8D57-A55564AB4144}.Debug|x86.Build.0 = Debug|Any CPU
		{9E0F06A9-57E9-43AA-8D57-A55564AB4144}.Release|Any CPU.ActiveCfg = Release|Any CPU
		{9E0F06A9-57E9-43AA-8D57-A55564AB4144}.Release|Any CPU.Build.0 = Release|Any CPU
		{9E0F06A9-57E9-43AA-8D57-A55564AB4144}.Release|x64.ActiveCfg = Release|Any CPU
		{9E0F06A9-57E9-43AA-8D57-A55564AB4144}.Release|x64.Build.0 = Release|Any CPU
		{9E0F06A9-57E9-43AA-8D57-A55564AB4144}.Release|x86.ActiveCfg = Release|Any CPU
		{9E0F06A9-57E9-43AA-8D57-A55564AB4144}.Release|x86.Build.0 = Release|Any CPU
		{D41E342F-E66B-4FA4-BA31-C2BF9DB4C91E}.Debug|Any CPU.ActiveCfg = Debug|Any CPU
		{D41E342F-E66B-4FA4-BA31-C2BF9DB4C91E}.Debug|Any CPU.Build.0 = Debug|Any CPU
		{D41E342F-E66B-4FA4-BA31-C2BF9DB4C91E}.Debug|x64.ActiveCfg = Debug|Any CPU
		{D41E342F-E66B-4FA4-BA31-C2BF9DB4C91E}.Debug|x64.Build.0 = Debug|Any CPU
		{D41E342F-E66B-4FA4-BA31-C2BF9DB4C91E}.Debug|x86.ActiveCfg = Debug|Any CPU
		{D41E342F-E66B-4FA4-BA31-C2BF9DB4C91E}.Debug|x86.Build.0 = Debug|Any CPU
		{D41E342F-E66B-4FA4-BA31-C2BF9DB4C91E}.Release|Any CPU.ActiveCfg = Release|Any CPU
		{D41E342F-E66B-4FA4-BA31-C2BF9DB4C91E}.Release|Any CPU.Build.0 = Release|Any CPU
		{D41E342F-E66B-4FA4-BA31-C2BF9DB4C91E}.Release|x64.ActiveCfg = Release|Any CPU
		{D41E342F-E66B-4FA4-BA31-C2BF9DB4C91E}.Release|x64.Build.0 = Release|Any CPU
		{D41E342F-E66B-4FA4-BA31-C2BF9DB4C91E}.Release|x86.ActiveCfg = Release|Any CPU
		{D41E342F-E66B-4FA4-BA31-C2BF9DB4C91E}.Release|x86.Build.0 = Release|Any CPU
		{879898B7-BC48-42DF-B4B5-9F841F2ADAD3}.Debug|Any CPU.ActiveCfg = Debug|Any CPU
		{879898B7-BC48-42DF-B4B5-9F841F2ADAD3}.Debug|Any CPU.Build.0 = Debug|Any CPU
		{879898B7-BC48-42DF-B4B5-9F841F2ADAD3}.Debug|x64.ActiveCfg = Debug|Any CPU
		{879898B7-BC48-42DF-B4B5-9F841F2ADAD3}.Debug|x64.Build.0 = Debug|Any CPU
		{879898B7-BC48-42DF-B4B5-9F841F2ADAD3}.Debug|x86.ActiveCfg = Debug|Any CPU
		{879898B7-BC48-42DF-B4B5-9F841F2ADAD3}.Debug|x86.Build.0 = Debug|Any CPU
		{879898B7-BC48-42DF-B4B5-9F841F2ADAD3}.Release|Any CPU.ActiveCfg = Release|Any CPU
		{879898B7-BC48-42DF-B4B5-9F841F2ADAD3}.Release|Any CPU.Build.0 = Release|Any CPU
		{879898B7-BC48-42DF-B4B5-9F841F2ADAD3}.Release|x64.ActiveCfg = Release|Any CPU
		{879898B7-BC48-42DF-B4B5-9F841F2ADAD3}.Release|x64.Build.0 = Release|Any CPU
		{879898B7-BC48-42DF-B4B5-9F841F2ADAD3}.Release|x86.ActiveCfg = Release|Any CPU
		{879898B7-BC48-42DF-B4B5-9F841F2ADAD3}.Release|x86.Build.0 = Release|Any CPU
		{6DCC99AC-C826-495F-A6EA-66EF4DB37E99}.Debug|Any CPU.ActiveCfg = Debug|Any CPU
		{6DCC99AC-C826-495F-A6EA-66EF4DB37E99}.Debug|Any CPU.Build.0 = Debug|Any CPU
		{6DCC99AC-C826-495F-A6EA-66EF4DB37E99}.Debug|x64.ActiveCfg = Debug|Any CPU
		{6DCC99AC-C826-495F-A6EA-66EF4DB37E99}.Debug|x64.Build.0 = Debug|Any CPU
		{6DCC99AC-C826-495F-A6EA-66EF4DB37E99}.Debug|x86.ActiveCfg = Debug|Any CPU
		{6DCC99AC-C826-495F-A6EA-66EF4DB37E99}.Debug|x86.Build.0 = Debug|Any CPU
		{6DCC99AC-C826-495F-A6EA-66EF4DB37E99}.Release|Any CPU.ActiveCfg = Release|Any CPU
		{6DCC99AC-C826-495F-A6EA-66EF4DB37E99}.Release|Any CPU.Build.0 = Release|Any CPU
		{6DCC99AC-C826-495F-A6EA-66EF4DB37E99}.Release|x64.ActiveCfg = Release|Any CPU
		{6DCC99AC-C826-495F-A6EA-66EF4DB37E99}.Release|x64.Build.0 = Release|Any CPU
		{6DCC99AC-C826-495F-A6EA-66EF4DB37E99}.Release|x86.ActiveCfg = Release|Any CPU
		{6DCC99AC-C826-495F-A6EA-66EF4DB37E99}.Release|x86.Build.0 = Release|Any CPU
		{7C44A537-EE45-4377-9E09-A59F5C7951B4}.Debug|Any CPU.ActiveCfg = Debug|Any CPU
		{7C44A537-EE45-4377-9E09-A59F5C7951B4}.Debug|Any CPU.Build.0 = Debug|Any CPU
		{7C44A537-EE45-4377-9E09-A59F5C7951B4}.Debug|x64.ActiveCfg = Debug|Any CPU
		{7C44A537-EE45-4377-9E09-A59F5C7951B4}.Debug|x64.Build.0 = Debug|Any CPU
		{7C44A537-EE45-4377-9E09-A59F5C7951B4}.Debug|x86.ActiveCfg = Debug|Any CPU
		{7C44A537-EE45-4377-9E09-A59F5C7951B4}.Debug|x86.Build.0 = Debug|Any CPU
		{7C44A537-EE45-4377-9E09-A59F5C7951B4}.Release|Any CPU.ActiveCfg = Release|Any CPU
		{7C44A537-EE45-4377-9E09-A59F5C7951B4}.Release|Any CPU.Build.0 = Release|Any CPU
		{7C44A537-EE45-4377-9E09-A59F5C7951B4}.Release|x64.ActiveCfg = Release|Any CPU
		{7C44A537-EE45-4377-9E09-A59F5C7951B4}.Release|x64.Build.0 = Release|Any CPU
		{7C44A537-EE45-4377-9E09-A59F5C7951B4}.Release|x86.ActiveCfg = Release|Any CPU
		{7C44A537-EE45-4377-9E09-A59F5C7951B4}.Release|x86.Build.0 = Release|Any CPU
		{C7E4F312-F9F5-4370-89A3-3FE872049E28}.Debug|Any CPU.ActiveCfg = Debug|Any CPU
		{C7E4F312-F9F5-4370-89A3-3FE872049E28}.Debug|Any CPU.Build.0 = Debug|Any CPU
		{C7E4F312-F9F5-4370-89A3-3FE872049E28}.Debug|x64.ActiveCfg = Debug|Any CPU
		{C7E4F312-F9F5-4370-89A3-3FE872049E28}.Debug|x64.Build.0 = Debug|Any CPU
		{C7E4F312-F9F5-4370-89A3-3FE872049E28}.Debug|x86.ActiveCfg = Debug|Any CPU
		{C7E4F312-F9F5-4370-89A3-3FE872049E28}.Debug|x86.Build.0 = Debug|Any CPU
		{C7E4F312-F9F5-4370-89A3-3FE872049E28}.Release|Any CPU.ActiveCfg = Release|Any CPU
		{C7E4F312-F9F5-4370-89A3-3FE872049E28}.Release|Any CPU.Build.0 = Release|Any CPU
		{C7E4F312-F9F5-4370-89A3-3FE872049E28}.Release|x64.ActiveCfg = Release|Any CPU
		{C7E4F312-F9F5-4370-89A3-3FE872049E28}.Release|x64.Build.0 = Release|Any CPU
		{C7E4F312-F9F5-4370-89A3-3FE872049E28}.Release|x86.ActiveCfg = Release|Any CPU
		{C7E4F312-F9F5-4370-89A3-3FE872049E28}.Release|x86.Build.0 = Release|Any CPU
		{8348603C-294C-4FAB-B60A-F531D6B3F12B}.Debug|Any CPU.ActiveCfg = Debug|Any CPU
		{8348603C-294C-4FAB-B60A-F531D6B3F12B}.Debug|Any CPU.Build.0 = Debug|Any CPU
		{8348603C-294C-4FAB-B60A-F531D6B3F12B}.Debug|x64.ActiveCfg = Debug|Any CPU
		{8348603C-294C-4FAB-B60A-F531D6B3F12B}.Debug|x64.Build.0 = Debug|Any CPU
		{8348603C-294C-4FAB-B60A-F531D6B3F12B}.Debug|x86.ActiveCfg = Debug|Any CPU
		{8348603C-294C-4FAB-B60A-F531D6B3F12B}.Debug|x86.Build.0 = Debug|Any CPU
		{8348603C-294C-4FAB-B60A-F531D6B3F12B}.Release|Any CPU.ActiveCfg = Release|Any CPU
		{8348603C-294C-4FAB-B60A-F531D6B3F12B}.Release|Any CPU.Build.0 = Release|Any CPU
		{8348603C-294C-4FAB-B60A-F531D6B3F12B}.Release|x64.ActiveCfg = Release|Any CPU
		{8348603C-294C-4FAB-B60A-F531D6B3F12B}.Release|x64.Build.0 = Release|Any CPU
		{8348603C-294C-4FAB-B60A-F531D6B3F12B}.Release|x86.ActiveCfg = Release|Any CPU
		{8348603C-294C-4FAB-B60A-F531D6B3F12B}.Release|x86.Build.0 = Release|Any CPU
		{E383329B-98D7-4181-BEDC-C508250B506D}.Debug|Any CPU.ActiveCfg = Debug|Any CPU
		{E383329B-98D7-4181-BEDC-C508250B506D}.Debug|Any CPU.Build.0 = Debug|Any CPU
		{E383329B-98D7-4181-BEDC-C508250B506D}.Debug|x64.ActiveCfg = Debug|Any CPU
		{E383329B-98D7-4181-BEDC-C508250B506D}.Debug|x64.Build.0 = Debug|Any CPU
		{E383329B-98D7-4181-BEDC-C508250B506D}.Debug|x86.ActiveCfg = Debug|Any CPU
		{E383329B-98D7-4181-BEDC-C508250B506D}.Debug|x86.Build.0 = Debug|Any CPU
		{E383329B-98D7-4181-BEDC-C508250B506D}.Release|Any CPU.ActiveCfg = Release|Any CPU
		{E383329B-98D7-4181-BEDC-C508250B506D}.Release|Any CPU.Build.0 = Release|Any CPU
		{E383329B-98D7-4181-BEDC-C508250B506D}.Release|x64.ActiveCfg = Release|Any CPU
		{E383329B-98D7-4181-BEDC-C508250B506D}.Release|x64.Build.0 = Release|Any CPU
		{E383329B-98D7-4181-BEDC-C508250B506D}.Release|x86.ActiveCfg = Release|Any CPU
		{E383329B-98D7-4181-BEDC-C508250B506D}.Release|x86.Build.0 = Release|Any CPU
		{458086CE-7836-45F3-AB67-9E0B666ADB2B}.Debug|Any CPU.ActiveCfg = Debug|Any CPU
		{458086CE-7836-45F3-AB67-9E0B666ADB2B}.Debug|Any CPU.Build.0 = Debug|Any CPU
		{458086CE-7836-45F3-AB67-9E0B666ADB2B}.Debug|x64.ActiveCfg = Debug|Any CPU
		{458086CE-7836-45F3-AB67-9E0B666ADB2B}.Debug|x64.Build.0 = Debug|Any CPU
		{458086CE-7836-45F3-AB67-9E0B666ADB2B}.Debug|x86.ActiveCfg = Debug|Any CPU
		{458086CE-7836-45F3-AB67-9E0B666ADB2B}.Debug|x86.Build.0 = Debug|Any CPU
		{458086CE-7836-45F3-AB67-9E0B666ADB2B}.Release|Any CPU.ActiveCfg = Release|Any CPU
		{458086CE-7836-45F3-AB67-9E0B666ADB2B}.Release|Any CPU.Build.0 = Release|Any CPU
		{458086CE-7836-45F3-AB67-9E0B666ADB2B}.Release|x64.ActiveCfg = Release|Any CPU
		{458086CE-7836-45F3-AB67-9E0B666ADB2B}.Release|x64.Build.0 = Release|Any CPU
		{458086CE-7836-45F3-AB67-9E0B666ADB2B}.Release|x86.ActiveCfg = Release|Any CPU
		{458086CE-7836-45F3-AB67-9E0B666ADB2B}.Release|x86.Build.0 = Release|Any CPU
		{26A0C2C9-AE19-44B7-99BB-7F36F63BA1FE}.Debug|Any CPU.ActiveCfg = Debug|Any CPU
		{26A0C2C9-AE19-44B7-99BB-7F36F63BA1FE}.Debug|Any CPU.Build.0 = Debug|Any CPU
		{26A0C2C9-AE19-44B7-99BB-7F36F63BA1FE}.Debug|x64.ActiveCfg = Debug|Any CPU
		{26A0C2C9-AE19-44B7-99BB-7F36F63BA1FE}.Debug|x64.Build.0 = Debug|Any CPU
		{26A0C2C9-AE19-44B7-99BB-7F36F63BA1FE}.Debug|x86.ActiveCfg = Debug|Any CPU
		{26A0C2C9-AE19-44B7-99BB-7F36F63BA1FE}.Debug|x86.Build.0 = Debug|Any CPU
		{26A0C2C9-AE19-44B7-99BB-7F36F63BA1FE}.Release|Any CPU.ActiveCfg = Release|Any CPU
		{26A0C2C9-AE19-44B7-99BB-7F36F63BA1FE}.Release|Any CPU.Build.0 = Release|Any CPU
		{26A0C2C9-AE19-44B7-99BB-7F36F63BA1FE}.Release|x64.ActiveCfg = Release|Any CPU
		{26A0C2C9-AE19-44B7-99BB-7F36F63BA1FE}.Release|x64.Build.0 = Release|Any CPU
		{26A0C2C9-AE19-44B7-99BB-7F36F63BA1FE}.Release|x86.ActiveCfg = Release|Any CPU
		{26A0C2C9-AE19-44B7-99BB-7F36F63BA1FE}.Release|x86.Build.0 = Release|Any CPU
		{97E76A43-2163-42BB-9D06-C3A659B99592}.Debug|Any CPU.ActiveCfg = Debug|Any CPU
		{97E76A43-2163-42BB-9D06-C3A659B99592}.Debug|Any CPU.Build.0 = Debug|Any CPU
		{97E76A43-2163-42BB-9D06-C3A659B99592}.Debug|x64.ActiveCfg = Debug|Any CPU
		{97E76A43-2163-42BB-9D06-C3A659B99592}.Debug|x64.Build.0 = Debug|Any CPU
		{97E76A43-2163-42BB-9D06-C3A659B99592}.Debug|x86.ActiveCfg = Debug|Any CPU
		{97E76A43-2163-42BB-9D06-C3A659B99592}.Debug|x86.Build.0 = Debug|Any CPU
		{97E76A43-2163-42BB-9D06-C3A659B99592}.Release|Any CPU.ActiveCfg = Release|Any CPU
		{97E76A43-2163-42BB-9D06-C3A659B99592}.Release|Any CPU.Build.0 = Release|Any CPU
		{97E76A43-2163-42BB-9D06-C3A659B99592}.Release|x64.ActiveCfg = Release|Any CPU
		{97E76A43-2163-42BB-9D06-C3A659B99592}.Release|x64.Build.0 = Release|Any CPU
		{97E76A43-2163-42BB-9D06-C3A659B99592}.Release|x86.ActiveCfg = Release|Any CPU
		{97E76A43-2163-42BB-9D06-C3A659B99592}.Release|x86.Build.0 = Release|Any CPU
		{716B4471-90E9-487C-BC33-2A6A09DEBCBD}.Debug|Any CPU.ActiveCfg = Debug|Any CPU
		{716B4471-90E9-487C-BC33-2A6A09DEBCBD}.Debug|Any CPU.Build.0 = Debug|Any CPU
		{716B4471-90E9-487C-BC33-2A6A09DEBCBD}.Debug|x64.ActiveCfg = Debug|Any CPU
		{716B4471-90E9-487C-BC33-2A6A09DEBCBD}.Debug|x64.Build.0 = Debug|Any CPU
		{716B4471-90E9-487C-BC33-2A6A09DEBCBD}.Debug|x86.ActiveCfg = Debug|Any CPU
		{716B4471-90E9-487C-BC33-2A6A09DEBCBD}.Debug|x86.Build.0 = Debug|Any CPU
		{716B4471-90E9-487C-BC33-2A6A09DEBCBD}.Release|Any CPU.ActiveCfg = Release|Any CPU
		{716B4471-90E9-487C-BC33-2A6A09DEBCBD}.Release|Any CPU.Build.0 = Release|Any CPU
		{716B4471-90E9-487C-BC33-2A6A09DEBCBD}.Release|x64.ActiveCfg = Release|Any CPU
		{716B4471-90E9-487C-BC33-2A6A09DEBCBD}.Release|x64.Build.0 = Release|Any CPU
		{716B4471-90E9-487C-BC33-2A6A09DEBCBD}.Release|x86.ActiveCfg = Release|Any CPU
		{716B4471-90E9-487C-BC33-2A6A09DEBCBD}.Release|x86.Build.0 = Release|Any CPU
		{B7B4C444-A028-42DE-9375-BCFD46574F73}.Debug|Any CPU.ActiveCfg = Debug|Any CPU
		{B7B4C444-A028-42DE-9375-BCFD46574F73}.Debug|Any CPU.Build.0 = Debug|Any CPU
		{B7B4C444-A028-42DE-9375-BCFD46574F73}.Debug|x64.ActiveCfg = Debug|Any CPU
		{B7B4C444-A028-42DE-9375-BCFD46574F73}.Debug|x64.Build.0 = Debug|Any CPU
		{B7B4C444-A028-42DE-9375-BCFD46574F73}.Debug|x86.ActiveCfg = Debug|Any CPU
		{B7B4C444-A028-42DE-9375-BCFD46574F73}.Debug|x86.Build.0 = Debug|Any CPU
		{B7B4C444-A028-42DE-9375-BCFD46574F73}.Release|Any CPU.ActiveCfg = Release|Any CPU
		{B7B4C444-A028-42DE-9375-BCFD46574F73}.Release|Any CPU.Build.0 = Release|Any CPU
		{B7B4C444-A028-42DE-9375-BCFD46574F73}.Release|x64.ActiveCfg = Release|Any CPU
		{B7B4C444-A028-42DE-9375-BCFD46574F73}.Release|x64.Build.0 = Release|Any CPU
		{B7B4C444-A028-42DE-9375-BCFD46574F73}.Release|x86.ActiveCfg = Release|Any CPU
		{B7B4C444-A028-42DE-9375-BCFD46574F73}.Release|x86.Build.0 = Release|Any CPU
	EndGlobalSection
	GlobalSection(SolutionProperties) = preSolution
		HideSolutionNode = FALSE
	EndGlobalSection
	GlobalSection(NestedProjects) = preSolution
		{D7B9B058-1AEA-434B-97DD-75C69CBDF6BF} = {827E0CD3-B72D-47B6-A68D-7590B98EB39B}
		{FB782D91-ECC4-421F-8678-BEB970F049FE} = {827E0CD3-B72D-47B6-A68D-7590B98EB39B}
		{493EE4D1-9D2D-492F-BD7A-FCB0A321CCDD} = {827E0CD3-B72D-47B6-A68D-7590B98EB39B}
		{9E0F06A9-57E9-43AA-8D57-A55564AB4144} = {827E0CD3-B72D-47B6-A68D-7590B98EB39B}
		{D41E342F-E66B-4FA4-BA31-C2BF9DB4C91E} = {827E0CD3-B72D-47B6-A68D-7590B98EB39B}
		{879898B7-BC48-42DF-B4B5-9F841F2ADAD3} = {827E0CD3-B72D-47B6-A68D-7590B98EB39B}
		{6DCC99AC-C826-495F-A6EA-66EF4DB37E99} = {827E0CD3-B72D-47B6-A68D-7590B98EB39B}
		{7C44A537-EE45-4377-9E09-A59F5C7951B4} = {827E0CD3-B72D-47B6-A68D-7590B98EB39B}
		{C7E4F312-F9F5-4370-89A3-3FE872049E28} = {0AB3BF05-4346-4AA6-1389-037BE0695223}
		{8348603C-294C-4FAB-B60A-F531D6B3F12B} = {0AB3BF05-4346-4AA6-1389-037BE0695223}
		{E383329B-98D7-4181-BEDC-C508250B506D} = {0AB3BF05-4346-4AA6-1389-037BE0695223}
		{458086CE-7836-45F3-AB67-9E0B666ADB2B} = {0AB3BF05-4346-4AA6-1389-037BE0695223}
		{26A0C2C9-AE19-44B7-99BB-7F36F63BA1FE} = {0AB3BF05-4346-4AA6-1389-037BE0695223}
		{97E76A43-2163-42BB-9D06-C3A659B99592} = {827E0CD3-B72D-47B6-A68D-7590B98EB39B}
		{716B4471-90E9-487C-BC33-2A6A09DEBCBD} = {827E0CD3-B72D-47B6-A68D-7590B98EB39B}
		{B7B4C444-A028-42DE-9375-BCFD46574F73} = {0AB3BF05-4346-4AA6-1389-037BE0695223}
	EndGlobalSection
EndGlobal
